
Microsoft Visual Studio Solution File, Format Version 12.00
# Visual Studio Version 16
VisualStudioVersion = 16.0.36128.20
MinimumVisualStudioVersion = 10.0.40219.1
Project("{FAE04EC0-301F-11D3-BF4B-00C04F79EFBC}") = "AssignmentRegForm", "AssignmentRegForm\AssignmentRegForm.csproj", "{9C8DD2B6-1F72-48FA-99D2-C445EBEA8D94}"
EndProject
Global
	GlobalSection(SolutionConfigurationPlatforms) = preSolution
		Debug|Any CPU = Debug|Any CPU
		Release|Any CPU = Release|Any CPU
	EndGlobalSection
	GlobalSection(ProjectConfigurationPlatforms) = postSolution
		{9C8DD2B6-1F72-48FA-99D2-C445EBEA8D94}.Debug|Any CPU.ActiveCfg = Debug|Any CPU
		{9C8DD2B6-1F72-48FA-99D2-C445EBEA8D94}.Debug|Any CPU.Build.0 = Debug|Any CPU
		{9C8DD2B6-1F72-48FA-99D2-C445EBEA8D94}.Release|Any CPU.ActiveCfg = Release|Any CPU
		{9C8DD2B6-1F72-48FA-99D2-C445EBEA8D94}.Release|Any CPU.Build.0 = Release|Any CPU
	EndGlobalSection
	GlobalSection(SolutionProperties) = preSolution
		HideSolutionNode = FALSE
	EndGlobalSection
	GlobalSection(ExtensibilityGlobals) = postSolution
		SolutionGuid = {2CE10D45-583B-4DA8-ADE5-865568112F6E}
	EndGlobalSection
EndGlobal
